
Microsoft Visual Studio Solution File, Format Version 12.00
# Visual Studio Version 17
VisualStudioVersion = 17.9.34723.18
MinimumVisualStudioVersion = 10.0.40219.1
Project("{FAE04EC0-301F-11D3-BF4B-00C04F79EFBC}") = "FourthAPI.Domain", "FourthAPI.Domain\FourthAPI.Domain.csproj", "{0EC0FADF-1100-4823-A864-031507AE170D}"
EndProject
Project("{FAE04EC0-301F-11D3-BF4B-00C04F79EFBC}") = "FourthAPI.Infrastructure", "FourthAPI.Infrastructure\FourthAPI.Infrastructure.csproj", "{F8925B69-AA0F-4214-8ADF-C2E05E3B6A79}"
EndProject
Project("{FAE04EC0-301F-11D3-BF4B-00C04F79EFBC}") = "FourthAPI.Application", "FourthAPI.Application\FourthAPI.Application.csproj", "{003AD09C-C4DF-4BA7-9C36-69D037D8A621}"
EndProject
Project("{FAE04EC0-301F-11D3-BF4B-00C04F79EFBC}") = "FourthAPI.CrossCutting", "FourthAPI.CrossCutting\FourthAPI.CrossCutting.csproj", "{FAB4AB0A-90EE-4966-8D30-6BBF400CC759}"
EndProject
Project("{FAE04EC0-301F-11D3-BF4B-00C04F79EFBC}") = "FourthAPI.API", "FourthAPI.API\FourthAPI.API.csproj", "{D9BB94B9-A11F-487F-A5FC-F4C16331B329}"
EndProject
Global
	GlobalSection(SolutionConfigurationPlatforms) = preSolution
		Debug|Any CPU = Debug|Any CPU
		Release|Any CPU = Release|Any CPU
	EndGlobalSection
	GlobalSection(ProjectConfigurationPlatforms) = postSolution
		{0EC0FADF-1100-4823-A864-031507AE170D}.Debug|Any CPU.ActiveCfg = Debug|Any CPU
		{0EC0FADF-1100-4823-A864-031507AE170D}.Debug|Any CPU.Build.0 = Debug|Any CPU
		{0EC0FADF-1100-4823-A864-031507AE170D}.Release|Any CPU.ActiveCfg = Release|Any CPU
		{0EC0FADF-1100-4823-A864-031507AE170D}.Release|Any CPU.Build.0 = Release|Any CPU
		{F8925B69-AA0F-4214-8ADF-C2E05E3B6A79}.Debug|Any CPU.ActiveCfg = Debug|Any CPU
		{F8925B69-AA0F-4214-8ADF-C2E05E3B6A79}.Debug|Any CPU.Build.0 = Debug|Any CPU
		{F8925B69-AA0F-4214-8ADF-C2E05E3B6A79}.Release|Any CPU.ActiveCfg = Release|Any CPU
		{F8925B69-AA0F-4214-8ADF-C2E05E3B6A79}.Release|Any CPU.Build.0 = Release|Any CPU
		{003AD09C-C4DF-4BA7-9C36-69D037D8A621}.Debug|Any CPU.ActiveCfg = Debug|Any CPU
		{003AD09C-C4DF-4BA7-9C36-69D037D8A621}.Debug|Any CPU.Build.0 = Debug|Any CPU
		{003AD09C-C4DF-4BA7-9C36-69D037D8A621}.Release|Any CPU.ActiveCfg = Release|Any CPU
		{003AD09C-C4DF-4BA7-9C36-69D037D8A621}.Release|Any CPU.Build.0 = Release|Any CPU
		{FAB4AB0A-90EE-4966-8D30-6BBF400CC759}.Debug|Any CPU.ActiveCfg = Debug|Any CPU
		{FAB4AB0A-90EE-4966-8D30-6BBF400CC759}.Debug|Any CPU.Build.0 = Debug|Any CPU
		{FAB4AB0A-90EE-4966-8D30-6BBF400CC759}.Release|Any CPU.ActiveCfg = Release|Any CPU
		{FAB4AB0A-90EE-4966-8D30-6BBF400CC759}.Release|Any CPU.Build.0 = Release|Any CPU
		{D9BB94B9-A11F-487F-A5FC-F4C16331B329}.Debug|Any CPU.ActiveCfg = Debug|Any CPU
		{D9BB94B9-A11F-487F-A5FC-F4C16331B329}.Debug|Any CPU.Build.0 = Debug|Any CPU
		{D9BB94B9-A11F-487F-A5FC-F4C16331B329}.Release|Any CPU.ActiveCfg = Release|Any CPU
		{D9BB94B9-A11F-487F-A5FC-F4C16331B329}.Release|Any CPU.Build.0 = Release|Any CPU
	EndGlobalSection
	GlobalSection(SolutionProperties) = preSolution
		HideSolutionNode = FALSE
	EndGlobalSection
	GlobalSection(ExtensibilityGlobals) = postSolution
		SolutionGuid = {DC04ADB2-50C0-46CE-AED5-DB0F2F9AFA43}
	EndGlobalSection
EndGlobal
